<Solution>
   <Project Path="src/src_dotnet/JAStudio.Anki/JAStudio.Anki.csproj" />
   <Project Path="src/src_dotnet/JAStudio.Anki.PythonInterop/JAStudio.Anki.PythonInterop.csproj" />
   <Project Path="src/src_dotnet/JAStudio.Core.Specifications/JAStudio.Core.Specifications.csproj" />
   <Project Path="src/src_dotnet/JAStudio.Core/JAStudio.Core.csproj" />
   <Project Path="src/src_dotnet/JAStudio.Dictionary/JAStudio.Dictionary.csproj" />
   <Project Path="src/src_dotnet/JAStudio.PythonInterop/JAStudio.PythonInterop.csproj" />
   <Project Path="src/src_dotnet/JAStudio.UI.Specifications/JAStudio.UI.Specifications.csproj" />
   <Project Path="src/src_dotnet/JAStudio.UI/JAStudio.UI.csproj" />
   <Project Path="src/src_dotnet/JAStudio.UI.DesktopHost/JAStudio.UI.DesktopHost.csproj" />
   <Project Path="src/src_dotnet/JAStudio.Web/JAStudio.Web.csproj" />
   <Project Path="src/src_dotnet/JAStudio.Web.Specifications/JAStudio.Web.Specifications.csproj" />
</Solution>
