<Solution>
   <Project Path="JAStudio.Anki\JAStudio.Anki.csproj" />
   <Project Path="JAStudio.Anki.PythonInterop\JAStudio.Anki.PythonInterop.csproj" />
   <Project Path="JAStudio.Core.Specifications/JAStudio.Core.Specifications.csproj" />
   <Project Path="JAStudio.Core\JAStudio.Core.csproj" />
   <Project Path="JAStudio.Dictionary\JAStudio.Dictionary.csproj" />
   <Project Path="JAStudio.PythonInterop\JAStudio.PythonInterop.csproj" />
   <Project Path="JAStudio.UI.Specifications/JAStudio.UI.Specifications.csproj" />
   <Project Path="JAStudio.UI\JAStudio.UI.csproj" />
   <Project Path="JAStudio.UI.DesktopHost\JAStudio.UI.DesktopHost.csproj" />
   <Project Path="JAStudio.Web\JAStudio.Web.csproj" />
   <Project Path="JAStudio.Web.Specifications\JAStudio.Web.Specifications.csproj" />
   <Folder Name="/Compze/">
      <Project Path="..\..\submodules\Compze\src\Compze.Core\Compze.Core.csproj" />
      <Project Path="..\..\submodules\Compze\src\Compze.Utilities.Contracts\Compze.Utilities.Contracts.csproj" />
      <Project Path="..\..\submodules\Compze\src\Compze.Utilities.DependencyInjection\Compze.Utilities.DependencyInjection.csproj" />
      <Project Path="..\..\submodules\Compze\src\Compze.Utilities.DependencyInjection.SimpleInjector\Compze.Utilities.DependencyInjection.SimpleInjector.csproj" />
      <Project Path="..\..\submodules\Compze\src\Compze.Utilities.Functional\Compze.Utilities.Functional.csproj" />
      <Project Path="..\..\submodules\Compze\src\Compze.Utilities.Logging\Compze.Utilities.Logging.csproj" />
      <Project Path="..\..\submodules\Compze\src\Compze.Utilities.SystemCE\Compze.Utilities.SystemCE.csproj" />
      <Project Path="..\..\submodules\Compze\src\Compze.Utilities.SystemCE.ThreadingCE\Compze.Utilities.SystemCE.ThreadingCE.csproj" />
      <Project Path="..\..\submodules\Compze\src\Compze.Utilities.Testing.Must\Compze.Utilities.Testing.Must.csproj" />
      <Project Path="..\..\submodules\Compze\src\Compze.Utilities.Testing.XUnit\Compze.Utilities.Testing.XUnit.csproj" />
   </Folder>
</Solution>
